
Microsoft Visual Studio Solution File, Format Version 12.00
# Visual Studio Version 17
VisualStudioVersion = 17.13.35931.197 d17.13
MinimumVisualStudioVersion = 10.0.40219.1
Project("{FAE04EC0-301F-11D3-BF4B-00C04F79EFBC}") = "HomeBankingApi", "HomeBankingApi.csproj", "{50306508-ECEF-982D-1625-EBB5B2232554}"
EndProject
Global
	GlobalSection(SolutionConfigurationPlatforms) = preSolution
		Debug|Any CPU = Debug|Any CPU
		Release|Any CPU = Release|Any CPU
	EndGlobalSection
	GlobalSection(ProjectConfigurationPlatforms) = postSolution
		{50306508-ECEF-982D-1625-EBB5B2232554}.Debug|Any CPU.ActiveCfg = Debug|Any CPU
		{50306508-ECEF-982D-1625-EBB5B2232554}.Debug|Any CPU.Build.0 = Debug|Any CPU
		{50306508-ECEF-982D-1625-EBB5B2232554}.Release|Any CPU.ActiveCfg = Release|Any CPU
		{50306508-ECEF-982D-1625-EBB5B2232554}.Release|Any CPU.Build.0 = Release|Any CPU
	EndGlobalSection
	GlobalSection(SolutionProperties) = preSolution
		HideSolutionNode = FALSE
	EndGlobalSection
	GlobalSection(ExtensibilityGlobals) = postSolution
		SolutionGuid = {4AED5A8D-20EC-4F90-8181-25A64EBD2AD9}
	EndGlobalSection
EndGlobal
